
Microsoft Visual Studio Solution File, Format Version 12.00
# Visual Studio 15
VisualStudioVersion = 15.0.28010.2048
MinimumVisualStudioVersion = 10.0.40219.1
Project("{FAE04EC0-301F-11D3-BF4B-00C04F79EFBC}") = "HelloWorld", "HelloWorld\HelloWorld.csproj", "{ED85D0D9-4CD0-4DCF-88EF-44F9CB0B552D}"
EndProject
Global
	GlobalSection(SolutionConfigurationPlatforms) = preSolution
		Debug|Any CPU = Debug|Any CPU
		Release|Any CPU = Release|Any CPU
	EndGlobalSection
	GlobalSection(ProjectConfigurationPlatforms) = postSolution
		{ED85D0D9-4CD0-4DCF-88EF-44F9CB0B552D}.Debug|Any CPU.ActiveCfg = Debug|Any CPU
		{ED85D0D9-4CD0-4DCF-88EF-44F9CB0B552D}.Debug|Any CPU.Build.0 = Debug|Any CPU
		{ED85D0D9-4CD0-4DCF-88EF-44F9CB0B552D}.Release|Any CPU.ActiveCfg = Release|Any CPU
		{ED85D0D9-4CD0-4DCF-88EF-44F9CB0B552D}.Release|Any CPU.Build.0 = Release|Any CPU
	EndGlobalSection
	GlobalSection(SolutionProperties) = preSolution
		HideSolutionNode = FALSE
	EndGlobalSection
	GlobalSection(ExtensibilityGlobals) = postSolution
		SolutionGuid = {D5DB22BC-F2BD-47A8-94DF-D0D6CBC9D864}
	EndGlobalSection
EndGlobal
