
Microsoft Visual Studio Solution File, Format Version 12.00
# Visual Studio 15
VisualStudioVersion = 15.0.28010.2048
MinimumVisualStudioVersion = 10.0.40219.1
Project("{FAE04EC0-301F-11D3-BF4B-00C04F79EFBC}") = "HomeWork3", "HomeWork3\HomeWork3.csproj", "{99DBD695-0551-4909-86B0-4B9BF4359A76}"
EndProject
Global
	GlobalSection(SolutionConfigurationPlatforms) = preSolution
		Debug|Any CPU = Debug|Any CPU
		Release|Any CPU = Release|Any CPU
	EndGlobalSection
	GlobalSection(ProjectConfigurationPlatforms) = postSolution
		{99DBD695-0551-4909-86B0-4B9BF4359A76}.Debug|Any CPU.ActiveCfg = Debug|Any CPU
		{99DBD695-0551-4909-86B0-4B9BF4359A76}.Debug|Any CPU.Build.0 = Debug|Any CPU
		{99DBD695-0551-4909-86B0-4B9BF4359A76}.Release|Any CPU.ActiveCfg = Release|Any CPU
		{99DBD695-0551-4909-86B0-4B9BF4359A76}.Release|Any CPU.Build.0 = Release|Any CPU
	EndGlobalSection
	GlobalSection(SolutionProperties) = preSolution
		HideSolutionNode = FALSE
	EndGlobalSection
	GlobalSection(ExtensibilityGlobals) = postSolution
		SolutionGuid = {ACDBD801-D253-4E82-B094-9792FA039662}
	EndGlobalSection
EndGlobal
