
Microsoft Visual Studio Solution File, Format Version 12.00
# Visual Studio 15
VisualStudioVersion = 15.0.28010.2048
MinimumVisualStudioVersion = 10.0.40219.1
Project("{FAE04EC0-301F-11D3-BF4B-00C04F79EFBC}") = "InventoryApp", "InventoryApp\InventoryApp.csproj", "{E0A82D85-005E-4700-881D-06FA1F8729A4}"
EndProject
Project("{FAE04EC0-301F-11D3-BF4B-00C04F79EFBC}") = "InventoryDB", "InventoryDB\InventoryDB.csproj", "{0CA98260-27C0-4B0A-95BF-24E9F18933C4}"
EndProject
Project("{FAE04EC0-301F-11D3-BF4B-00C04F79EFBC}") = "InventoryRepository", "InventoryRepository\InventoryRepository.csproj", "{66C16B3E-7371-431B-85C2-77B668F1CC9D}"
EndProject
Global
	GlobalSection(SolutionConfigurationPlatforms) = preSolution
		Debug|Any CPU = Debug|Any CPU
		Release|Any CPU = Release|Any CPU
	EndGlobalSection
	GlobalSection(ProjectConfigurationPlatforms) = postSolution
		{E0A82D85-005E-4700-881D-06FA1F8729A4}.Debug|Any CPU.ActiveCfg = Debug|Any CPU
		{E0A82D85-005E-4700-881D-06FA1F8729A4}.Debug|Any CPU.Build.0 = Debug|Any CPU
		{E0A82D85-005E-4700-881D-06FA1F8729A4}.Release|Any CPU.ActiveCfg = Release|Any CPU
		{E0A82D85-005E-4700-881D-06FA1F8729A4}.Release|Any CPU.Build.0 = Release|Any CPU
		{0CA98260-27C0-4B0A-95BF-24E9F18933C4}.Debug|Any CPU.ActiveCfg = Debug|Any CPU
		{0CA98260-27C0-4B0A-95BF-24E9F18933C4}.Debug|Any CPU.Build.0 = Debug|Any CPU
		{0CA98260-27C0-4B0A-95BF-24E9F18933C4}.Release|Any CPU.ActiveCfg = Release|Any CPU
		{0CA98260-27C0-4B0A-95BF-24E9F18933C4}.Release|Any CPU.Build.0 = Release|Any CPU
		{66C16B3E-7371-431B-85C2-77B668F1CC9D}.Debug|Any CPU.ActiveCfg = Debug|Any CPU
		{66C16B3E-7371-431B-85C2-77B668F1CC9D}.Debug|Any CPU.Build.0 = Debug|Any CPU
		{66C16B3E-7371-431B-85C2-77B668F1CC9D}.Release|Any CPU.ActiveCfg = Release|Any CPU
		{66C16B3E-7371-431B-85C2-77B668F1CC9D}.Release|Any CPU.Build.0 = Release|Any CPU
	EndGlobalSection
	GlobalSection(SolutionProperties) = preSolution
		HideSolutionNode = FALSE
	EndGlobalSection
	GlobalSection(ExtensibilityGlobals) = postSolution
		SolutionGuid = {27B5165D-2BD7-434F-967A-3469516953A6}
	EndGlobalSection
EndGlobal
